{
  "object": {
    "pins": [
      {
        "package": "FoundationExtensions",
        "repositoryURL": "https://github.com/teufelaudio/FoundationExtensions.git",
        "state": {
          "branch": null,
          "revision": "58347b6e8ad3fc5ef0d51dd0c4f0433f9c4f3cc5",
          "version": "0.1.0"
        }
      },
      {
        "package": "SwiftRex",
        "repositoryURL": "https://github.com/SwiftRex/SwiftRex.git",
        "state": {
          "branch": null,
          "revision": "b90766264edc92f60dc55b2a5e48d57efca6fbcb",
          "version": "0.7.1"
        }
      }
    ]
  },
  "version": 1
}
